{
  "originHash" : "504a68837e5809de78d40418c5bd097114a0ae5cb53b5a40cc3d33ff07b0da6d",
  "pins" : [
    {
      "identity" : "plaid-link-ios",
      "kind" : "remoteSourceControl",
      "location" : "https://github.com/plaid/plaid-link-ios",
      "state" : {
        "revision" : "a9ae84b388c45bfb8fbe7549cb00e8384e6b82c0",
        "version" : "5.3.1"
      }
    }
  ],
  "version" : 3
}
